<?xml version="1.0" encoding="utf-8"?>
<Project ToolsVersion="4.0" xmlns="http://schemas.microsoft.com/developer/msbuild/2003">
  <ItemGroup>
    <Filter Include="源文件">
      <UniqueIdentifier>{4FC737F1-C7A5-4376-A066-2A32D752A2FF}</UniqueIdentifier>
      <Extensions>cpp;c;cc;cxx;def;odl;idl;hpj;bat;asm;asmx</Extensions>
    </Filter>
    <Filter Include="头文件">
      <UniqueIdentifier>{93995380-89BD-4b04-88EB-625FBE52EBFB}</UniqueIdentifier>
      <Extensions>h;hh;hpp;hxx;hm;inl;inc;xsd</Extensions>
    </Filter>
    <Filter Include="资源文件">
      <UniqueIdentifier>{67DA6AB6-F800-4c08-8B7A-83BB121AAD01}</UniqueIdentifier>
      <Extensions>rc;ico;cur;bmp;dlg;rc2;rct;bin;rgs;gif;jpg;jpeg;jpe;resx;tiff;tif;png;wav;mfcribbon-ms</Extensions>
    </Filter>
    <Filter Include="头文件\platform">
      <UniqueIdentifier>{eca9e01d-057f-4012-bfea-6407f733bf41}</UniqueIdentifier>
    </Filter>
    <Filter Include="头文件\quote_define">
      <UniqueIdentifier>{836a0cfd-b642-4f67-a66f-1ce79d0734f3}</UniqueIdentifier>
    </Filter>
    <Filter Include="头文件\utils">
      <UniqueIdentifier>{c96e7136-68bd-434d-a2de-61d18f41202d}</UniqueIdentifier>
    </Filter>
    <Filter Include="源文件\utils">
      <UniqueIdentifier>{e29f1f9a-b1d0-4bd8-a31a-94ba2317bb4d}</UniqueIdentifier>
    </Filter>
  </ItemGroup>
  <ItemGroup>
    <ClCompile Include="extend_match.cpp">
      <Filter>源文件</Filter>
    </ClCompile>
    <ClCompile Include="match_engine.cpp">
      <Filter>源文件</Filter>
    </ClCompile>
    <ClCompile Include="my_trade.cpp">
      <Filter>源文件</Filter>
    </ClCompile>
    <ClCompile Include="origin_match.cpp">
      <Filter>源文件</Filter>
    </ClCompile>
    <ClCompile Include="quote_convert.cpp">
      <Filter>源文件</Filter>
    </ClCompile>
    <ClCompile Include="utils\contract_hash.cpp">
      <Filter>源文件\utils</Filter>
    </ClCompile>
    <ClCompile Include="utils\json11.cpp">
      <Filter>源文件\utils</Filter>
    </ClCompile>
    <ClCompile Include="utils\tools.cpp">
      <Filter>源文件\utils</Filter>
    </ClCompile>
    <ClCompile Include="utils\utils.cpp">
      <Filter>源文件\utils</Filter>
    </ClCompile>
  </ItemGroup>
  <ItemGroup>
    <ClInclude Include="extend_match.h">
      <Filter>头文件</Filter>
    </ClInclude>
    <ClInclude Include="macro_def.h">
      <Filter>头文件</Filter>
    </ClInclude>
    <ClInclude Include="match_engine.h">
      <Filter>头文件</Filter>
    </ClInclude>
    <ClInclude Include="match_recorder.h">
      <Filter>头文件</Filter>
    </ClInclude>
    <ClInclude Include="my_trade.h">
      <Filter>头文件</Filter>
    </ClInclude>
    <ClInclude Include="order_types_def.h">
      <Filter>头文件</Filter>
    </ClInclude>
    <ClInclude Include="quote_convert.h">
      <Filter>头文件</Filter>
    </ClInclude>
    <ClInclude Include="task_define.h">
      <Filter>头文件</Filter>
    </ClInclude>
    <ClInclude Include="platform\strategy_base_define.h">
      <Filter>头文件\platform</Filter>
    </ClInclude>
    <ClInclude Include="quote_define\BasicDataType.h">
      <Filter>头文件\quote_define</Filter>
    </ClInclude>
    <ClInclude Include="quote_define\c_quote_cfex.h">
      <Filter>头文件\quote_define</Filter>
    </ClInclude>
    <ClInclude Include="quote_define\c_quote_czce_my.h">
      <Filter>头文件\quote_define</Filter>
    </ClInclude>
    <ClInclude Include="quote_define\c_quote_dce_level1.h">
      <Filter>头文件\quote_define</Filter>
    </ClInclude>
    <ClInclude Include="quote_define\c_quote_dce_my.h">
      <Filter>头文件\quote_define</Filter>
    </ClInclude>
    <ClInclude Include="quote_define\c_quote_esunny_foreign.h">
      <Filter>头文件\quote_define</Filter>
    </ClInclude>
    <ClInclude Include="quote_define\c_quote_ib.h">
      <Filter>头文件\quote_define</Filter>
    </ClInclude>
    <ClInclude Include="quote_define\c_quote_my.h">
      <Filter>头文件\quote_define</Filter>
    </ClInclude>
    <ClInclude Include="quote_define\c_quote_my_bar.h">
      <Filter>头文件\quote_define</Filter>
    </ClInclude>
    <ClInclude Include="quote_define\c_quote_my_each_datasource.h">
      <Filter>头文件\quote_define</Filter>
    </ClInclude>
    <ClInclude Include="quote_define\c_quote_my_level1.h">
      <Filter>头文件\quote_define</Filter>
    </ClInclude>
    <ClInclude Include="quote_define\c_quote_my_stock.h">
      <Filter>头文件\quote_define</Filter>
    </ClInclude>
    <ClInclude Include="quote_define\c_quote_sge_deep.h">
      <Filter>头文件\quote_define</Filter>
    </ClInclude>
    <ClInclude Include="quote_define\c_quote_shfe_my.h">
      <Filter>头文件\quote_define</Filter>
    </ClInclude>
    <ClInclude Include="quote_define\c_quote_sungard.h">
      <Filter>头文件\quote_define</Filter>
    </ClInclude>
    <ClInclude Include="quote_define\c_quote_tap_my.h">
      <Filter>头文件\quote_define</Filter>
    </ClInclude>
    <ClInclude Include="quote_define\mi_type.h">
      <Filter>头文件\quote_define</Filter>
    </ClInclude>
    <ClInclude Include="utils\bss_pnl_define.h">
      <Filter>头文件\utils</Filter>
    </ClInclude>
    <ClInclude Include="utils\contract_hash.h">
      <Filter>头文件\utils</Filter>
    </ClInclude>
    <ClInclude Include="utils\list.h">
      <Filter>头文件\utils</Filter>
    </ClInclude>
    <ClInclude Include="utils\tools.h">
      <Filter>头文件\utils</Filter>
    </ClInclude>
    <ClInclude Include="utils\utils.h">
      <Filter>头文件\utils</Filter>
    </ClInclude>
    <ClInclude Include="utils\json11.hpp">
      <Filter>头文件\utils</Filter>
    </ClInclude>
  </ItemGroup>
</Project>