<?xml version="1.0" encoding="utf-8"?>
<Project ToolsVersion="4.0" xmlns="http://schemas.microsoft.com/developer/msbuild/2003">
  <ItemGroup>
    <Filter Include="源文件">
      <UniqueIdentifier>{4FC737F1-C7A5-4376-A066-2A32D752A2FF}</UniqueIdentifier>
      <Extensions>cpp;c;cc;cxx;def;odl;idl;hpj;bat;asm;asmx</Extensions>
    </Filter>
    <Filter Include="头文件">
      <UniqueIdentifier>{93995380-89BD-4b04-88EB-625FBE52EBFB}</UniqueIdentifier>
      <Extensions>h;hh;hpp;hxx;hm;inl;inc;xsd</Extensions>
    </Filter>
    <Filter Include="资源文件">
      <UniqueIdentifier>{67DA6AB6-F800-4c08-8B7A-83BB121AAD01}</UniqueIdentifier>
      <Extensions>rc;ico;cur;bmp;dlg;rc2;rct;bin;rgs;gif;jpg;jpeg;jpe;resx;tiff;tif;png;wav;mfcribbon-ms</Extensions>
    </Filter>
    <Filter Include="头文件\core">
      <UniqueIdentifier>{8beb1e2a-16b2-427f-8ceb-c091f4ad6172}</UniqueIdentifier>
    </Filter>
    <Filter Include="头文件\utils">
      <UniqueIdentifier>{6dacc146-0263-45aa-a751-4344903c45ec}</UniqueIdentifier>
    </Filter>
    <Filter Include="源文件\core">
      <UniqueIdentifier>{1411e38e-19cb-4f58-8d59-ee2c6c0d6749}</UniqueIdentifier>
    </Filter>
    <Filter Include="源文件\utils">
      <UniqueIdentifier>{9c6590ec-2a37-401f-881b-88f519e27bc8}</UniqueIdentifier>
    </Filter>
    <Filter Include="源文件\strategy_db">
      <UniqueIdentifier>{40b9b719-9b4a-4bd6-8863-6d18c349704a}</UniqueIdentifier>
    </Filter>
  </ItemGroup>
  <ItemGroup>
    <ClInclude Include="sdp_handler\core\base_define.h">
      <Filter>头文件\core</Filter>
    </ClInclude>
    <ClInclude Include="sdp_handler\core\sdp_handler.h">
      <Filter>头文件\core</Filter>
    </ClInclude>
    <ClInclude Include="sdp_handler\utils\list.h">
      <Filter>头文件\utils</Filter>
    </ClInclude>
    <ClInclude Include="sdp_handler\utils\log.h">
      <Filter>头文件\utils</Filter>
    </ClInclude>
    <ClInclude Include="sdp_handler\utils\MyArray.h">
      <Filter>头文件\utils</Filter>
    </ClInclude>
    <ClInclude Include="sdp_handler\utils\MyHash.h">
      <Filter>头文件\utils</Filter>
    </ClInclude>
    <ClInclude Include="sdp_handler\utils\order_hash.h">
      <Filter>头文件\utils</Filter>
    </ClInclude>
    <ClInclude Include="sdp_handler\utils\utils.h">
      <Filter>头文件\utils</Filter>
    </ClInclude>
    <ClInclude Include="sdp_handler\core\bar.h">
      <Filter>头文件\core</Filter>
    </ClInclude>
    <ClInclude Include="sdp_handler\utils\json11.hpp">
      <Filter>头文件\utils</Filter>
    </ClInclude>
  </ItemGroup>
  <ItemGroup>
    <ClCompile Include="sdp_handler\core\sdp_handler.cpp">
      <Filter>源文件\core</Filter>
    </ClCompile>
    <ClCompile Include="sdp_handler\utils\log.cpp">
      <Filter>源文件\utils</Filter>
    </ClCompile>
    <ClCompile Include="sdp_handler\utils\order_hash.cpp">
      <Filter>源文件\utils</Filter>
    </ClCompile>
    <ClCompile Include="sdp_handler\utils\utils.cpp">
      <Filter>源文件\utils</Filter>
    </ClCompile>
    <ClCompile Include="sdp_handler\core\bar.cpp">
      <Filter>源文件\core</Filter>
    </ClCompile>
    <ClCompile Include="sdp_handler\utils\json11.cpp">
      <Filter>源文件\utils</Filter>
    </ClCompile>
    <ClCompile Include="strategy.cpp">
      <Filter>源文件</Filter>
    </ClCompile>
    <ClCompile Include="strategy_db\bar_strategy.cpp">
      <Filter>源文件\strategy_db</Filter>
    </ClCompile>
    <ClCompile Include="strategy_db\cu_single.cpp">
      <Filter>源文件\strategy_db</Filter>
    </ClCompile>
    <ClCompile Include="strategy_db\haozai_strategy.cpp">
      <Filter>源文件\strategy_db</Filter>
    </ClCompile>
    <ClCompile Include="strategy_db\lock_0.0.1.cpp">
      <Filter>源文件\strategy_db</Filter>
    </ClCompile>
    <ClCompile Include="strategy_db\sample_strategy.cpp">
      <Filter>源文件\strategy_db</Filter>
    </ClCompile>
  </ItemGroup>
  <ItemGroup>
    <None Include="..\TRADER\ev.json">
      <Filter>资源文件</Filter>
    </None>
  </ItemGroup>
</Project>