
Microsoft Visual Studio Solution File, Format Version 12.00
# Visual Studio 15
VisualStudioVersion = 15.0.26228.4
MinimumVisualStudioVersion = 10.0.40219.1
Project("{8BC9CEB8-8B4A-11D0-8D11-00A0C91BC942}") = "OrderCheck", "check\OrderCheck\OrderCheck.vcxproj", "{6BB32E54-5F6C-4B52-8EAC-C6A335613AB1}"
EndProject
Project("{8BC9CEB8-8B4A-11D0-8D11-00A0C91BC942}") = "SmartExecution", "smart_execution\SmartExecution\SmartExecution.vcxproj", "{59F5AF78-5330-4350-A132-75FBCDBEE76B}"
EndProject
Project("{8BC9CEB8-8B4A-11D0-8D11-00A0C91BC942}") = "SampleStrategy", "strategy\sample_strategy\SDPHandler\SDPHandler.vcxproj", "{401884E9-25B7-4DB7-AA52-E18DCF42B9F6}"
EndProject
Project("{8BC9CEB8-8B4A-11D0-8D11-00A0C91BC942}") = "SampleEasy", "strategy\sample_easy\sample_easy.vcxproj", "{C254E218-7361-4142-98D2-7665A900B22D}"
EndProject
Project("{8BC9CEB8-8B4A-11D0-8D11-00A0C91BC942}") = "SamplePass", "strategy\sample_pass\sample_pass.vcxproj", "{E627A79A-74C3-4A6F-A457-BCA7025F37BF}"
EndProject
Project("{8BC9CEB8-8B4A-11D0-8D11-00A0C91BC942}") = "SampleTradelist", "strategy\sample_tradelist\sample_tradelist.vcxproj", "{3007A98B-7381-46ED-91A1-A7CE7C2C8E16}"
EndProject
Project("{8BC9CEB8-8B4A-11D0-8D11-00A0C91BC942}") = "StWrapper", "st_wrapper\st_wrapper.vcxproj", "{B3F50EE8-964A-4DBB-84E5-5FB33241E4ED}"
EndProject
Project("{8BC9CEB8-8B4A-11D0-8D11-00A0C91BC942}") = "match_engine", "match_engine\match_engine.vcxproj", "{DABB18BB-1517-4569-8F06-D2998F6DB8EA}"
EndProject
Global
	GlobalSection(SolutionConfigurationPlatforms) = preSolution
		Debug|x64 = Debug|x64
		Debug|x86 = Debug|x86
		Release|x64 = Release|x64
		Release|x86 = Release|x86
	EndGlobalSection
	GlobalSection(ProjectConfigurationPlatforms) = postSolution
		{6BB32E54-5F6C-4B52-8EAC-C6A335613AB1}.Debug|x64.ActiveCfg = Debug|x64
		{6BB32E54-5F6C-4B52-8EAC-C6A335613AB1}.Debug|x64.Build.0 = Debug|x64
		{6BB32E54-5F6C-4B52-8EAC-C6A335613AB1}.Debug|x86.ActiveCfg = Debug|Win32
		{6BB32E54-5F6C-4B52-8EAC-C6A335613AB1}.Debug|x86.Build.0 = Debug|Win32
		{6BB32E54-5F6C-4B52-8EAC-C6A335613AB1}.Release|x64.ActiveCfg = Release|x64
		{6BB32E54-5F6C-4B52-8EAC-C6A335613AB1}.Release|x64.Build.0 = Release|x64
		{6BB32E54-5F6C-4B52-8EAC-C6A335613AB1}.Release|x86.ActiveCfg = Release|Win32
		{6BB32E54-5F6C-4B52-8EAC-C6A335613AB1}.Release|x86.Build.0 = Release|Win32
		{59F5AF78-5330-4350-A132-75FBCDBEE76B}.Debug|x64.ActiveCfg = Debug|x64
		{59F5AF78-5330-4350-A132-75FBCDBEE76B}.Debug|x64.Build.0 = Debug|x64
		{59F5AF78-5330-4350-A132-75FBCDBEE76B}.Debug|x86.ActiveCfg = Debug|Win32
		{59F5AF78-5330-4350-A132-75FBCDBEE76B}.Debug|x86.Build.0 = Debug|Win32
		{59F5AF78-5330-4350-A132-75FBCDBEE76B}.Release|x64.ActiveCfg = Release|x64
		{59F5AF78-5330-4350-A132-75FBCDBEE76B}.Release|x64.Build.0 = Release|x64
		{59F5AF78-5330-4350-A132-75FBCDBEE76B}.Release|x86.ActiveCfg = Release|Win32
		{59F5AF78-5330-4350-A132-75FBCDBEE76B}.Release|x86.Build.0 = Release|Win32
		{401884E9-25B7-4DB7-AA52-E18DCF42B9F6}.Debug|x64.ActiveCfg = Debug|x64
		{401884E9-25B7-4DB7-AA52-E18DCF42B9F6}.Debug|x64.Build.0 = Debug|x64
		{401884E9-25B7-4DB7-AA52-E18DCF42B9F6}.Debug|x86.ActiveCfg = Debug|Win32
		{401884E9-25B7-4DB7-AA52-E18DCF42B9F6}.Debug|x86.Build.0 = Debug|Win32
		{401884E9-25B7-4DB7-AA52-E18DCF42B9F6}.Release|x64.ActiveCfg = Release|x64
		{401884E9-25B7-4DB7-AA52-E18DCF42B9F6}.Release|x64.Build.0 = Release|x64
		{401884E9-25B7-4DB7-AA52-E18DCF42B9F6}.Release|x86.ActiveCfg = Release|Win32
		{401884E9-25B7-4DB7-AA52-E18DCF42B9F6}.Release|x86.Build.0 = Release|Win32
		{C254E218-7361-4142-98D2-7665A900B22D}.Debug|x64.ActiveCfg = Debug|x64
		{C254E218-7361-4142-98D2-7665A900B22D}.Debug|x64.Build.0 = Debug|x64
		{C254E218-7361-4142-98D2-7665A900B22D}.Debug|x86.ActiveCfg = Debug|Win32
		{C254E218-7361-4142-98D2-7665A900B22D}.Debug|x86.Build.0 = Debug|Win32
		{C254E218-7361-4142-98D2-7665A900B22D}.Release|x64.ActiveCfg = Release|x64
		{C254E218-7361-4142-98D2-7665A900B22D}.Release|x64.Build.0 = Release|x64
		{C254E218-7361-4142-98D2-7665A900B22D}.Release|x86.ActiveCfg = Release|Win32
		{C254E218-7361-4142-98D2-7665A900B22D}.Release|x86.Build.0 = Release|Win32
		{E627A79A-74C3-4A6F-A457-BCA7025F37BF}.Debug|x64.ActiveCfg = Debug|x64
		{E627A79A-74C3-4A6F-A457-BCA7025F37BF}.Debug|x64.Build.0 = Debug|x64
		{E627A79A-74C3-4A6F-A457-BCA7025F37BF}.Debug|x86.ActiveCfg = Debug|Win32
		{E627A79A-74C3-4A6F-A457-BCA7025F37BF}.Debug|x86.Build.0 = Debug|Win32
		{E627A79A-74C3-4A6F-A457-BCA7025F37BF}.Release|x64.ActiveCfg = Release|x64
		{E627A79A-74C3-4A6F-A457-BCA7025F37BF}.Release|x64.Build.0 = Release|x64
		{E627A79A-74C3-4A6F-A457-BCA7025F37BF}.Release|x86.ActiveCfg = Release|Win32
		{E627A79A-74C3-4A6F-A457-BCA7025F37BF}.Release|x86.Build.0 = Release|Win32
		{3007A98B-7381-46ED-91A1-A7CE7C2C8E16}.Debug|x64.ActiveCfg = Debug|x64
		{3007A98B-7381-46ED-91A1-A7CE7C2C8E16}.Debug|x64.Build.0 = Debug|x64
		{3007A98B-7381-46ED-91A1-A7CE7C2C8E16}.Debug|x86.ActiveCfg = Debug|Win32
		{3007A98B-7381-46ED-91A1-A7CE7C2C8E16}.Debug|x86.Build.0 = Debug|Win32
		{3007A98B-7381-46ED-91A1-A7CE7C2C8E16}.Release|x64.ActiveCfg = Release|x64
		{3007A98B-7381-46ED-91A1-A7CE7C2C8E16}.Release|x64.Build.0 = Release|x64
		{3007A98B-7381-46ED-91A1-A7CE7C2C8E16}.Release|x86.ActiveCfg = Release|Win32
		{3007A98B-7381-46ED-91A1-A7CE7C2C8E16}.Release|x86.Build.0 = Release|Win32
		{B3F50EE8-964A-4DBB-84E5-5FB33241E4ED}.Debug|x64.ActiveCfg = Debug|x64
		{B3F50EE8-964A-4DBB-84E5-5FB33241E4ED}.Debug|x64.Build.0 = Debug|x64
		{B3F50EE8-964A-4DBB-84E5-5FB33241E4ED}.Debug|x86.ActiveCfg = Debug|Win32
		{B3F50EE8-964A-4DBB-84E5-5FB33241E4ED}.Debug|x86.Build.0 = Debug|Win32
		{B3F50EE8-964A-4DBB-84E5-5FB33241E4ED}.Release|x64.ActiveCfg = Release|x64
		{B3F50EE8-964A-4DBB-84E5-5FB33241E4ED}.Release|x64.Build.0 = Release|x64
		{B3F50EE8-964A-4DBB-84E5-5FB33241E4ED}.Release|x86.ActiveCfg = Release|Win32
		{B3F50EE8-964A-4DBB-84E5-5FB33241E4ED}.Release|x86.Build.0 = Release|Win32
		{DABB18BB-1517-4569-8F06-D2998F6DB8EA}.Debug|x64.ActiveCfg = Debug|x64
		{DABB18BB-1517-4569-8F06-D2998F6DB8EA}.Debug|x64.Build.0 = Debug|x64
		{DABB18BB-1517-4569-8F06-D2998F6DB8EA}.Debug|x86.ActiveCfg = Debug|Win32
		{DABB18BB-1517-4569-8F06-D2998F6DB8EA}.Debug|x86.Build.0 = Debug|Win32
		{DABB18BB-1517-4569-8F06-D2998F6DB8EA}.Release|x64.ActiveCfg = Release|x64
		{DABB18BB-1517-4569-8F06-D2998F6DB8EA}.Release|x64.Build.0 = Release|x64
		{DABB18BB-1517-4569-8F06-D2998F6DB8EA}.Release|x86.ActiveCfg = Release|Win32
		{DABB18BB-1517-4569-8F06-D2998F6DB8EA}.Release|x86.Build.0 = Release|Win32
	EndGlobalSection
	GlobalSection(SolutionProperties) = preSolution
		HideSolutionNode = FALSE
	EndGlobalSection
EndGlobal
