<?xml version="1.0" encoding="utf-8"?>
<Project ToolsVersion="4.0" xmlns="http://schemas.microsoft.com/developer/msbuild/2003">
  <ItemGroup>
    <Filter Include="源文件">
      <UniqueIdentifier>{4FC737F1-C7A5-4376-A066-2A32D752A2FF}</UniqueIdentifier>
      <Extensions>cpp;c;cc;cxx;def;odl;idl;hpj;bat;asm;asmx</Extensions>
    </Filter>
    <Filter Include="头文件">
      <UniqueIdentifier>{93995380-89BD-4b04-88EB-625FBE52EBFB}</UniqueIdentifier>
      <Extensions>h;hh;hpp;hxx;hm;inl;inc;xsd</Extensions>
    </Filter>
    <Filter Include="资源文件">
      <UniqueIdentifier>{67DA6AB6-F800-4c08-8B7A-83BB121AAD01}</UniqueIdentifier>
      <Extensions>rc;ico;cur;bmp;dlg;rc2;rct;bin;rgs;gif;jpg;jpeg;jpe;resx;tiff;tif;png;wav;mfcribbon-ms</Extensions>
    </Filter>
    <Filter Include="头文件\utils">
      <UniqueIdentifier>{a94ad440-810d-464a-a159-5d866d3bdbf9}</UniqueIdentifier>
    </Filter>
    <Filter Include="头文件\core">
      <UniqueIdentifier>{b6fe35e2-eab3-49f9-b045-9d6d5ef1e8f5}</UniqueIdentifier>
    </Filter>
    <Filter Include="源文件\core">
      <UniqueIdentifier>{3135359e-3bd3-4198-be2a-15dd07c4c461}</UniqueIdentifier>
    </Filter>
    <Filter Include="源文件\utils">
      <UniqueIdentifier>{e95e22bd-1dc7-4807-824d-e28f38820b1f}</UniqueIdentifier>
    </Filter>
  </ItemGroup>
  <ItemGroup>
    <ClInclude Include="sdp_handler\core\base_define.h">
      <Filter>头文件\core</Filter>
    </ClInclude>
    <ClInclude Include="sdp_handler\core\sdp_handler.h">
      <Filter>头文件\core</Filter>
    </ClInclude>
    <ClInclude Include="sdp_handler\utils\list.h">
      <Filter>头文件\utils</Filter>
    </ClInclude>
    <ClInclude Include="sdp_handler\utils\log.h">
      <Filter>头文件\utils</Filter>
    </ClInclude>
    <ClInclude Include="sdp_handler\utils\order_hash.h">
      <Filter>头文件\utils</Filter>
    </ClInclude>
    <ClInclude Include="sdp_handler\utils\utils.h">
      <Filter>头文件\utils</Filter>
    </ClInclude>
  </ItemGroup>
  <ItemGroup>
    <ClCompile Include="sdp_handler\core\sdp_handler.cpp">
      <Filter>源文件\core</Filter>
    </ClCompile>
    <ClCompile Include="sdp_handler\utils\log.cpp">
      <Filter>源文件\utils</Filter>
    </ClCompile>
    <ClCompile Include="sdp_handler\utils\order_hash.cpp">
      <Filter>源文件\utils</Filter>
    </ClCompile>
    <ClCompile Include="sdp_handler\utils\utils.cpp">
      <Filter>源文件\utils</Filter>
    </ClCompile>
    <ClCompile Include="sample_strategy.cpp">
      <Filter>源文件</Filter>
    </ClCompile>
  </ItemGroup>
</Project>